
Microsoft Visual Studio Solution File, Format Version 12.00
# Visual Studio 2012
Project("{FAE04EC0-301F-11D3-BF4B-00C04F79EFBC}") = "WnsRecipe.Nuget", "WnsRecipe.Nuget\WnsRecipe.Nuget.csproj", "{3319C224-CFF9-4D66-B980-35E3CEE9895D}"
EndProject
Project("{FAE04EC0-301F-11D3-BF4B-00C04F79EFBC}") = "WnsRecipe", "WnsRecipe\WnsRecipe.csproj", "{CBE3A7D5-6861-42A0-8F17-A1B735098F03}"
EndProject
Project("{FAE04EC0-301F-11D3-BF4B-00C04F79EFBC}") = "NotificationsExtensions", "NotificationsExtensions\NotificationsExtensions.csproj", "{1EAADE8B-5531-432C-975D-3D4933F334FE}"
EndProject
Global
	GlobalSection(SolutionConfigurationPlatforms) = preSolution
		Debug|Any CPU = Debug|Any CPU
		Release|Any CPU = Release|Any CPU
	EndGlobalSection
	GlobalSection(ProjectConfigurationPlatforms) = postSolution
		{3319C224-CFF9-4D66-B980-35E3CEE9895D}.Debug|Any CPU.ActiveCfg = Debug|Any CPU
		{3319C224-CFF9-4D66-B980-35E3CEE9895D}.Debug|Any CPU.Build.0 = Debug|Any CPU
		{3319C224-CFF9-4D66-B980-35E3CEE9895D}.Release|Any CPU.ActiveCfg = Release|Any CPU
		{3319C224-CFF9-4D66-B980-35E3CEE9895D}.Release|Any CPU.Build.0 = Release|Any CPU
		{CBE3A7D5-6861-42A0-8F17-A1B735098F03}.Debug|Any CPU.ActiveCfg = Debug|Any CPU
		{CBE3A7D5-6861-42A0-8F17-A1B735098F03}.Debug|Any CPU.Build.0 = Debug|Any CPU
		{CBE3A7D5-6861-42A0-8F17-A1B735098F03}.Release|Any CPU.ActiveCfg = Release|Any CPU
		{CBE3A7D5-6861-42A0-8F17-A1B735098F03}.Release|Any CPU.Build.0 = Release|Any CPU
		{1EAADE8B-5531-432C-975D-3D4933F334FE}.Debug|Any CPU.ActiveCfg = Debug|Any CPU
		{1EAADE8B-5531-432C-975D-3D4933F334FE}.Debug|Any CPU.Build.0 = Debug|Any CPU
		{1EAADE8B-5531-432C-975D-3D4933F334FE}.Release|Any CPU.ActiveCfg = Release|Any CPU
		{1EAADE8B-5531-432C-975D-3D4933F334FE}.Release|Any CPU.Build.0 = Release|Any CPU
	EndGlobalSection
	GlobalSection(SolutionProperties) = preSolution
		HideSolutionNode = FALSE
	EndGlobalSection
EndGlobal
